Microsoft Visual Studio Solution File, Format Version 12.00
# Visual Studio 15
VisualStudioVersion = 15.0.27703.2018
MinimumVisualStudioVersion = 10.0.40219.1
Project("{FAE04EC0-301F-11D3-BF4B-00C04F79EFBC}") = "HDNotificationView", "HDNotificationView\HDNotificationView.csproj", "{75971B98-B78A-482C-A4EA-27A39897EFD3}"
EndProject
Project("{FAE04EC0-301F-11D3-BF4B-00C04F79EFBC}") = "HDNotificationView.Example", "HDNotificationView.Example\HDNotificationView.Example.csproj", "{07ECB411-BFD8-4C52-BBEE-33EBD514D800}"
EndProject
Global
	GlobalSection(SolutionConfigurationPlatforms) = preSolution
		Debug|Any CPU = Debug|Any CPU
		Debug|iPhone = Debug|iPhone
		Debug|iPhoneSimulator = Debug|iPhoneSimulator
		Release|Any CPU = Release|Any CPU
		Release|iPhone = Release|iPhone
		Release|iPhoneSimulator = Release|iPhoneSimulator
	EndGlobalSection
	GlobalSection(ProjectConfigurationPlatforms) = postSolution
		{75971B98-B78A-482C-A4EA-27A39897EFD3}.Debug|Any CPU.ActiveCfg = Debug|Any CPU
		{75971B98-B78A-482C-A4EA-27A39897EFD3}.Debug|Any CPU.Build.0 = Debug|Any CPU
		{75971B98-B78A-482C-A4EA-27A39897EFD3}.Debug|iPhone.ActiveCfg = Debug|Any CPU
		{75971B98-B78A-482C-A4EA-27A39897EFD3}.Debug|iPhone.Build.0 = Debug|Any CPU
		{75971B98-B78A-482C-A4EA-27A39897EFD3}.Debug|iPhoneSimulator.ActiveCfg = Debug|Any CPU
		{75971B98-B78A-482C-A4EA-27A39897EFD3}.Debug|iPhoneSimulator.Build.0 = Debug|Any CPU
		{75971B98-B78A-482C-A4EA-27A39897EFD3}.Release|Any CPU.ActiveCfg = Release|Any CPU
		{75971B98-B78A-482C-A4EA-27A39897EFD3}.Release|Any CPU.Build.0 = Release|Any CPU
		{75971B98-B78A-482C-A4EA-27A39897EFD3}.Release|iPhone.ActiveCfg = Release|Any CPU
		{75971B98-B78A-482C-A4EA-27A39897EFD3}.Release|iPhone.Build.0 = Release|Any CPU
		{75971B98-B78A-482C-A4EA-27A39897EFD3}.Release|iPhoneSimulator.ActiveCfg = Release|Any CPU
		{75971B98-B78A-482C-A4EA-27A39897EFD3}.Release|iPhoneSimulator.Build.0 = Release|Any CPU
		{07ECB411-BFD8-4C52-BBEE-33EBD514D800}.Debug|Any CPU.ActiveCfg = Debug|iPhoneSimulator
		{07ECB411-BFD8-4C52-BBEE-33EBD514D800}.Debug|Any CPU.Build.0 = Debug|iPhoneSimulator
		{07ECB411-BFD8-4C52-BBEE-33EBD514D800}.Debug|iPhone.ActiveCfg = Debug|iPhone
		{07ECB411-BFD8-4C52-BBEE-33EBD514D800}.Debug|iPhone.Build.0 = Debug|iPhone
		{07ECB411-BFD8-4C52-BBEE-33EBD514D800}.Debug|iPhoneSimulator.ActiveCfg = Debug|iPhoneSimulator
		{07ECB411-BFD8-4C52-BBEE-33EBD514D800}.Debug|iPhoneSimulator.Build.0 = Debug|iPhoneSimulator
		{07ECB411-BFD8-4C52-BBEE-33EBD514D800}.Release|Any CPU.ActiveCfg = Release|iPhone
		{07ECB411-BFD8-4C52-BBEE-33EBD514D800}.Release|Any CPU.Build.0 = Release|iPhone
		{07ECB411-BFD8-4C52-BBEE-33EBD514D800}.Release|iPhone.ActiveCfg = Release|iPhone
		{07ECB411-BFD8-4C52-BBEE-33EBD514D800}.Release|iPhone.Build.0 = Release|iPhone
		{07ECB411-BFD8-4C52-BBEE-33EBD514D800}.Release|iPhoneSimulator.ActiveCfg = Release|iPhoneSimulator
		{07ECB411-BFD8-4C52-BBEE-33EBD514D800}.Release|iPhoneSimulator.Build.0 = Release|iPhoneSimulator
	EndGlobalSection
	GlobalSection(SolutionProperties) = preSolution
		HideSolutionNode = FALSE
	EndGlobalSection
	GlobalSection(ExtensibilityGlobals) = postSolution
		SolutionGuid = {655D99CE-4029-44C0-97BD-BEB7E7607E00}
	EndGlobalSection
EndGlobal
